// !$*UTF8*$!
{
	archiveVersion = 1;
	classes = {
	};
	objectVersion = 50;
	objects = {

/* Begin PBXBuildFile section */
		7319A8B424614B1B00101896 /* MmbItemPriceTrend.swift in Sources */ = {isa = PBXBuildFile; fileRef = 7319A8B324614B1B00101896 /* MmbItemPriceTrend.swift */; };
		7319A8B624614BA600101896 /* MmbHistoryitemInfo.swift in Sources */ = {isa = PBXBuildFile; fileRef = 7319A8B524614BA600101896 /* MmbHistoryitemInfo.swift */; };
		7319A8BD2466AD5400101896 /* URLRequestConvertible.swift in Sources */ = {isa = PBXBuildFile; fileRef = 7319A8BC2466AD5400101896 /* URLRequestConvertible.swift */; };
		7319A8BF2466AD8A00101896 /* MmbRouter.swift in Sources */ = {isa = PBXBuildFile; fileRef = 7319A8BE2466AD8A00101896 /* MmbRouter.swift */; };
		7319A8C12466B16B00101896 /* Dict+Extension.swift in Sources */ = {isa = PBXBuildFile; fileRef = 7319A8C02466B16B00101896 /* Dict+Extension.swift */; };
		7320E77A24587A0E00E5B2A3 /* AppDelegate.swift in Sources */ = {isa = PBXBuildFile; fileRef = 7320E77924587A0E00E5B2A3 /* AppDelegate.swift */; };
		7320E77E24587A0E00E5B2A3 /* ViewController.swift in Sources */ = {isa = PBXBuildFile; fileRef = 7320E77D24587A0E00E5B2A3 /* ViewController.swift */; };
		7320E78324587A1300E5B2A3 /* Assets.xcassets in Resources */ = {isa = PBXBuildFile; fileRef = 7320E78224587A1300E5B2A3 /* Assets.xcassets */; };
		7320E78624587A1300E5B2A3 /* LaunchScreen.storyboard in Resources */ = {isa = PBXBuildFile; fileRef = 7320E78424587A1300E5B2A3 /* LaunchScreen.storyboard */; };
		7320E78F24587D4D00E5B2A3 /* ManManBuy.swift in Sources */ = {isa = PBXBuildFile; fileRef = 7320E78E24587D4D00E5B2A3 /* ManManBuy.swift */; };
		7320E7942458802B00E5B2A3 /* URLConvertible.swift in Sources */ = {isa = PBXBuildFile; fileRef = 7320E7932458802B00E5B2A3 /* URLConvertible.swift */; };
		7320E796245880EA00E5B2A3 /* String+Extension.swift in Sources */ = {isa = PBXBuildFile; fileRef = 7320E795245880EA00E5B2A3 /* String+Extension.swift */; };
		7320E79B245886A700E5B2A3 /* URLEncoding.swift in Sources */ = {isa = PBXBuildFile; fileRef = 7320E79A245886A700E5B2A3 /* URLEncoding.swift */; };
		7320E79D24588BCA00E5B2A3 /* NSNumber+Extension.swift in Sources */ = {isa = PBXBuildFile; fileRef = 7320E79C24588BCA00E5B2A3 /* NSNumber+Extension.swift */; };
		7320E7C12458915C00E5B2A3 /* SceneDelegate.swift in Sources */ = {isa = PBXBuildFile; fileRef = 7320E7C02458915C00E5B2A3 /* SceneDelegate.swift */; };
		738BAFA6246BD0FD0064D53C /* TbItem.swift in Sources */ = {isa = PBXBuildFile; fileRef = 738BAFA5246BD0FD0064D53C /* TbItem.swift */; };
		738BAFA8246BD13A0064D53C /* TbSeller.swift in Sources */ = {isa = PBXBuildFile; fileRef = 738BAFA7246BD13A0064D53C /* TbSeller.swift */; };
		738BAFAA246BD4550064D53C /* TbItemInfo.swift in Sources */ = {isa = PBXBuildFile; fileRef = 738BAFA9246BD4550064D53C /* TbItemInfo.swift */; };
		73C9E94C246A412600C6DFA7 /* TbRouter.swift in Sources */ = {isa = PBXBuildFile; fileRef = 73C9E94B246A412600C6DFA7 /* TbRouter.swift */; };
		73C9E94E246A4B0200C6DFA7 /* TbItemFetcher.swift in Sources */ = {isa = PBXBuildFile; fileRef = 73C9E94D246A4B0200C6DFA7 /* TbItemFetcher.swift */; };
		73C9E951246A4BC700C6DFA7 /* Error.swift in Sources */ = {isa = PBXBuildFile; fileRef = 73C9E950246A4BC700C6DFA7 /* Error.swift */; };
/* End PBXBuildFile section */

/* Begin PBXFileReference section */
		7319A8B324614B1B00101896 /* MmbItemPriceTrend.swift */ = {isa = PBXFileReference; lastKnownFileType = sourcecode.swift; path = MmbItemPriceTrend.swift; sourceTree = "<group>"; };
		7319A8B524614BA600101896 /* MmbHistoryitemInfo.swift */ = {isa = PBXFileReference; lastKnownFileType = sourcecode.swift; path = MmbHistoryitemInfo.swift; sourceTree = "<group>"; };
		7319A8BC2466AD5400101896 /* URLRequestConvertible.swift */ = {isa = PBXFileReference; lastKnownFileType = sourcecode.swift; path = URLRequestConvertible.swift; sourceTree = "<group>"; };
		7319A8BE2466AD8A00101896 /* MmbRouter.swift */ = {isa = PBXFileReference; lastKnownFileType = sourcecode.swift; path = MmbRouter.swift; sourceTree = "<group>"; };
		7319A8C02466B16B00101896 /* Dict+Extension.swift */ = {isa = PBXFileReference; lastKnownFileType = sourcecode.swift; path = "Dict+Extension.swift"; sourceTree = "<group>"; };
		7320E77624587A0E00E5B2A3 /* luffy.app */ = {isa = PBXFileReference; explicitFileType = wrapper.application; includeInIndex = 0; path = luffy.app; sourceTree = BUILT_PRODUCTS_DIR; };
		7320E77924587A0E00E5B2A3 /* AppDelegate.swift */ = {isa = PBXFileReference; lastKnownFileType = sourcecode.swift; path = AppDelegate.swift; sourceTree = "<group>"; };
		7320E77D24587A0E00E5B2A3 /* ViewController.swift */ = {isa = PBXFileReference; lastKnownFileType = sourcecode.swift; path = ViewController.swift; sourceTree = "<group>"; };
		7320E78224587A1300E5B2A3 /* Assets.xcassets */ = {isa = PBXFileReference; lastKnownFileType = folder.assetcatalog; path = Assets.xcassets; sourceTree = "<group>"; };
		7320E78524587A1300E5B2A3 /* Base */ = {isa = PBXFileReference; lastKnownFileType = file.storyboard; name = Base; path = Base.lproj/LaunchScreen.storyboard; sourceTree = "<group>"; };
		7320E78724587A1300E5B2A3 /* Info.plist */ = {isa = PBXFileReference; lastKnownFileType = text.plist.xml; path = Info.plist; sourceTree = "<group>"; };
		7320E78E24587D4D00E5B2A3 /* ManManBuy.swift */ = {isa = PBXFileReference; lastKnownFileType = sourcecode.swift; path = ManManBuy.swift; sourceTree = "<group>"; };
		7320E7932458802B00E5B2A3 /* URLConvertible.swift */ = {isa = PBXFileReference; lastKnownFileType = sourcecode.swift; path = URLConvertible.swift; sourceTree = "<group>"; };
		7320E795245880EA00E5B2A3 /* String+Extension.swift */ = {isa = PBXFileReference; lastKnownFileType = sourcecode.swift; path = "String+Extension.swift"; sourceTree = "<group>"; };
		7320E79A245886A700E5B2A3 /* URLEncoding.swift */ = {isa = PBXFileReference; lastKnownFileType = sourcecode.swift; path = URLEncoding.swift; sourceTree = "<group>"; };
		7320E79C24588BCA00E5B2A3 /* NSNumber+Extension.swift */ = {isa = PBXFileReference; lastKnownFileType = sourcecode.swift; path = "NSNumber+Extension.swift"; sourceTree = "<group>"; };
		7320E7C02458915C00E5B2A3 /* SceneDelegate.swift */ = {isa = PBXFileReference; lastKnownFileType = sourcecode.swift; path = SceneDelegate.swift; sourceTree = "<group>"; };
		738BAFA5246BD0FD0064D53C /* TbItem.swift */ = {isa = PBXFileReference; lastKnownFileType = sourcecode.swift; path = TbItem.swift; sourceTree = "<group>"; };
		738BAFA7246BD13A0064D53C /* TbSeller.swift */ = {isa = PBXFileReference; lastKnownFileType = sourcecode.swift; path = TbSeller.swift; sourceTree = "<group>"; };
		738BAFA9246BD4550064D53C /* TbItemInfo.swift */ = {isa = PBXFileReference; lastKnownFileType = sourcecode.swift; path = TbItemInfo.swift; sourceTree = "<group>"; };
		73C9E94B246A412600C6DFA7 /* TbRouter.swift */ = {isa = PBXFileReference; lastKnownFileType = sourcecode.swift; path = TbRouter.swift; sourceTree = "<group>"; };
		73C9E94D246A4B0200C6DFA7 /* TbItemFetcher.swift */ = {isa = PBXFileReference; lastKnownFileType = sourcecode.swift; path = TbItemFetcher.swift; sourceTree = "<group>"; };
		73C9E950246A4BC700C6DFA7 /* Error.swift */ = {isa = PBXFileReference; lastKnownFileType = sourcecode.swift; path = Error.swift; sourceTree = "<group>"; };
/* End PBXFileReference section */

/* Begin PBXFrameworksBuildPhase section */
		7320E77324587A0E00E5B2A3 /* Frameworks */ = {
			isa = PBXFrameworksBuildPhase;
			buildActionMask = 2147483647;
			files = (
			);
			runOnlyForDeploymentPostprocessing = 0;
		};
/* End PBXFrameworksBuildPhase section */

/* Begin PBXGroup section */
		7319A8B224614B0400101896 /* Model */ = {
			isa = PBXGroup;
			children = (
				738BAFAB246D133D0064D53C /* Mmb */,
				738BAFA4246BD0EC0064D53C /* Taobao */,
			);
			path = Model;
			sourceTree = "<group>";
		};
		7320E76D24587A0E00E5B2A3 = {
			isa = PBXGroup;
			children = (
				7320E77824587A0E00E5B2A3 /* luffy */,
				7320E77724587A0E00E5B2A3 /* Products */,
			);
			sourceTree = "<group>";
		};
		7320E77724587A0E00E5B2A3 /* Products */ = {
			isa = PBXGroup;
			children = (
				7320E77624587A0E00E5B2A3 /* luffy.app */,
			);
			name = Products;
			sourceTree = "<group>";
		};
		7320E77824587A0E00E5B2A3 /* luffy */ = {
			isa = PBXGroup;
			children = (
				73C9E94F246A4BA600C6DFA7 /* Common */,
				7319A8B224614B0400101896 /* Model */,
				7320E797245885F800E5B2A3 /* Network */,
				7320E7922458800400E5B2A3 /* protocol */,
				7320E79124587FFB00E5B2A3 /* extension */,
				7320E78D24587D2F00E5B2A3 /* utils */,
				7320E77924587A0E00E5B2A3 /* AppDelegate.swift */,
				7320E77D24587A0E00E5B2A3 /* ViewController.swift */,
				7320E78224587A1300E5B2A3 /* Assets.xcassets */,
				7320E78424587A1300E5B2A3 /* LaunchScreen.storyboard */,
				7320E78724587A1300E5B2A3 /* Info.plist */,
				7320E7C02458915C00E5B2A3 /* SceneDelegate.swift */,
			);
			path = luffy;
			sourceTree = "<group>";
		};
		7320E78D24587D2F00E5B2A3 /* utils */ = {
			isa = PBXGroup;
			children = (
				7320E78E24587D4D00E5B2A3 /* ManManBuy.swift */,
				73C9E94D246A4B0200C6DFA7 /* TbItemFetcher.swift */,
			);
			path = utils;
			sourceTree = "<group>";
		};
		7320E79124587FFB00E5B2A3 /* extension */ = {
			isa = PBXGroup;
			children = (
				7320E795245880EA00E5B2A3 /* String+Extension.swift */,
				7320E79C24588BCA00E5B2A3 /* NSNumber+Extension.swift */,
				7319A8C02466B16B00101896 /* Dict+Extension.swift */,
			);
			path = extension;
			sourceTree = "<group>";
		};
		7320E7922458800400E5B2A3 /* protocol */ = {
			isa = PBXGroup;
			children = (
				7320E7932458802B00E5B2A3 /* URLConvertible.swift */,
				7319A8BC2466AD5400101896 /* URLRequestConvertible.swift */,
			);
			path = protocol;
			sourceTree = "<group>";
		};
		7320E797245885F800E5B2A3 /* Network */ = {
			isa = PBXGroup;
			children = (
				7320E79A245886A700E5B2A3 /* URLEncoding.swift */,
				7319A8BE2466AD8A00101896 /* MmbRouter.swift */,
				73C9E94B246A412600C6DFA7 /* TbRouter.swift */,
			);
			path = Network;
			sourceTree = "<group>";
		};
		738BAFA4246BD0EC0064D53C /* Taobao */ = {
			isa = PBXGroup;
			children = (
				738BAFA5246BD0FD0064D53C /* TbItem.swift */,
				738BAFA7246BD13A0064D53C /* TbSeller.swift */,
				738BAFA9246BD4550064D53C /* TbItemInfo.swift */,
			);
			path = Taobao;
			sourceTree = "<group>";
		};
		738BAFAB246D133D0064D53C /* Mmb */ = {
			isa = PBXGroup;
			children = (
				7319A8B324614B1B00101896 /* MmbItemPriceTrend.swift */,
				7319A8B524614BA600101896 /* MmbHistoryitemInfo.swift */,
			);
			path = Mmb;
			sourceTree = "<group>";
		};
		73C9E94F246A4BA600C6DFA7 /* Common */ = {
			isa = PBXGroup;
			children = (
				73C9E950246A4BC700C6DFA7 /* Error.swift */,
			);
			path = Common;
			sourceTree = "<group>";
		};
/* End PBXGroup section */

/* Begin PBXNativeTarget section */
		7320E77524587A0E00E5B2A3 /* luffy */ = {
			isa = PBXNativeTarget;
			buildConfigurationList = 7320E78A24587A1300E5B2A3 /* Build configuration list for PBXNativeTarget "luffy" */;
			buildPhases = (
				7320E77224587A0E00E5B2A3 /* Sources */,
				7320E77324587A0E00E5B2A3 /* Frameworks */,
				7320E77424587A0E00E5B2A3 /* Resources */,
			);
			buildRules = (
			);
			dependencies = (
			);
			name = luffy;
			productName = luffy;
			productReference = 7320E77624587A0E00E5B2A3 /* luffy.app */;
			productType = "com.apple.product-type.application";
		};
/* End PBXNativeTarget section */

/* Begin PBXProject section */
		7320E76E24587A0E00E5B2A3 /* Project object */ = {
			isa = PBXProject;
			attributes = {
				LastSwiftUpdateCheck = 1120;
				LastUpgradeCheck = 1120;
				ORGANIZATIONNAME = dyljqq;
				TargetAttributes = {
					7320E77524587A0E00E5B2A3 = {
						CreatedOnToolsVersion = 11.2.1;
					};
				};
			};
			buildConfigurationList = 7320E77124587A0E00E5B2A3 /* Build configuration list for PBXProject "luffy" */;
			compatibilityVersion = "Xcode 9.3";
			developmentRegion = en;
			hasScannedForEncodings = 0;
			knownRegions = (
				en,
				Base,
			);
			mainGroup = 7320E76D24587A0E00E5B2A3;
			productRefGroup = 7320E77724587A0E00E5B2A3 /* Products */;
			projectDirPath = "";
			projectRoot = "";
			targets = (
				7320E77524587A0E00E5B2A3 /* luffy */,
			);
		};
/* End PBXProject section */

/* Begin PBXResourcesBuildPhase section */
		7320E77424587A0E00E5B2A3 /* Resources */ = {
			isa = PBXResourcesBuildPhase;
			buildActionMask = 2147483647;
			files = (
				7320E78624587A1300E5B2A3 /* LaunchScreen.storyboard in Resources */,
				7320E78324587A1300E5B2A3 /* Assets.xcassets in Resources */,
			);
			runOnlyForDeploymentPostprocessing = 0;
		};
/* End PBXResourcesBuildPhase section */

/* Begin PBXSourcesBuildPhase section */
		7320E77224587A0E00E5B2A3 /* Sources */ = {
			isa = PBXSourcesBuildPhase;
			buildActionMask = 2147483647;
			files = (
				73C9E951246A4BC700C6DFA7 /* Error.swift in Sources */,
				7319A8B624614BA600101896 /* MmbHistoryitemInfo.swift in Sources */,
				7320E78F24587D4D00E5B2A3 /* ManManBuy.swift in Sources */,
				7320E77E24587A0E00E5B2A3 /* ViewController.swift in Sources */,
				7319A8BF2466AD8A00101896 /* MmbRouter.swift in Sources */,
				7320E79D24588BCA00E5B2A3 /* NSNumber+Extension.swift in Sources */,
				7320E79B245886A700E5B2A3 /* URLEncoding.swift in Sources */,
				7319A8B424614B1B00101896 /* MmbItemPriceTrend.swift in Sources */,
				73C9E94E246A4B0200C6DFA7 /* TbItemFetcher.swift in Sources */,
				7320E77A24587A0E00E5B2A3 /* AppDelegate.swift in Sources */,
				7319A8BD2466AD5400101896 /* URLRequestConvertible.swift in Sources */,
				7320E796245880EA00E5B2A3 /* String+Extension.swift in Sources */,
				73C9E94C246A412600C6DFA7 /* TbRouter.swift in Sources */,
				7320E7942458802B00E5B2A3 /* URLConvertible.swift in Sources */,
				7319A8C12466B16B00101896 /* Dict+Extension.swift in Sources */,
				738BAFA6246BD0FD0064D53C /* TbItem.swift in Sources */,
				738BAFA8246BD13A0064D53C /* TbSeller.swift in Sources */,
				738BAFAA246BD4550064D53C /* TbItemInfo.swift in Sources */,
				7320E7C12458915C00E5B2A3 /* SceneDelegate.swift in Sources */,
			);
			runOnlyForDeploymentPostprocessing = 0;
		};
/* End PBXSourcesBuildPhase section */

/* Begin PBXVariantGroup section */
		7320E78424587A1300E5B2A3 /* LaunchScreen.storyboard */ = {
			isa = PBXVariantGroup;
			children = (
				7320E78524587A1300E5B2A3 /* Base */,
			);
			name = LaunchScreen.storyboard;
			sourceTree = "<group>";
		};
/* End PBXVariantGroup section */

/* Begin XCBuildConfiguration section */
		7320E78824587A1300E5B2A3 /* Debug */ = {
			isa = XCBuildConfiguration;
			buildSettings = {
				ALWAYS_SEARCH_USER_PATHS = NO;
				CLANG_ANALYZER_NONNULL = YES;
				CLANG_ANALYZER_NUMBER_OBJECT_CONVERSION = YES_AGGRESSIVE;
				CLANG_CXX_LANGUAGE_STANDARD = "gnu++14";
				CLANG_CXX_LIBRARY = "libc++";
				CLANG_ENABLE_MODULES = YES;
				CLANG_ENABLE_OBJC_ARC = YES;
				CLANG_ENABLE_OBJC_WEAK = YES;
				CLANG_WARN_BLOCK_CAPTURE_AUTORELEASING = YES;
				CLANG_WARN_BOOL_CONVERSION = YES;
				CLANG_WARN_COMMA = YES;
				CLANG_WARN_CONSTANT_CONVERSION = YES;
				CLANG_WARN_DEPRECATED_OBJC_IMPLEMENTATIONS = YES;
				CLANG_WARN_DIRECT_OBJC_ISA_USAGE = YES_ERROR;
				CLANG_WARN_DOCUMENTATION_COMMENTS = YES;
				CLANG_WARN_EMPTY_BODY = YES;
				CLANG_WARN_ENUM_CONVERSION = YES;
				CLANG_WARN_INFINITE_RECURSION = YES;
				CLANG_WARN_INT_CONVERSION = YES;
				CLANG_WARN_NON_LITERAL_NULL_CONVERSION = YES;
				CLANG_WARN_OBJC_IMPLICIT_RETAIN_SELF = YES;
				CLANG_WARN_OBJC_LITERAL_CONVERSION = YES;
				CLANG_WARN_OBJC_ROOT_CLASS = YES_ERROR;
				CLANG_WARN_RANGE_LOOP_ANALYSIS = YES;
				CLANG_WARN_STRICT_PROTOTYPES = YES;
				CLANG_WARN_SUSPICIOUS_MOVE = YES;
				CLANG_WARN_UNGUARDED_AVAILABILITY = YES_AGGRESSIVE;
				CLANG_WARN_UNREACHABLE_CODE = YES;
				CLANG_WARN__DUPLICATE_METHOD_MATCH = YES;
				COPY_PHASE_STRIP = NO;
				DEBUG_INFORMATION_FORMAT = dwarf;
				ENABLE_STRICT_OBJC_MSGSEND = YES;
				ENABLE_TESTABILITY = YES;
				GCC_C_LANGUAGE_STANDARD = gnu11;
				GCC_DYNAMIC_NO_PIC = NO;
				GCC_NO_COMMON_BLOCKS = YES;
				GCC_OPTIMIZATION_LEVEL = 0;
				GCC_PREPROCESSOR_DEFINITIONS = (
					"DEBUG=1",
					"$(inherited)",
				);
				GCC_WARN_64_TO_32_BIT_CONVERSION = YES;
				GCC_WARN_ABOUT_RETURN_TYPE = YES_ERROR;
				GCC_WARN_UNDECLARED_SELECTOR = YES;
				GCC_WARN_UNINITIALIZED_AUTOS = YES_AGGRESSIVE;
				GCC_WARN_UNUSED_FUNCTION = YES;
				GCC_WARN_UNUSED_VARIABLE = YES;
				IPHONEOS_DEPLOYMENT_TARGET = 13.2;
				MTL_ENABLE_DEBUG_INFO = INCLUDE_SOURCE;
				MTL_FAST_MATH = YES;
				ONLY_ACTIVE_ARCH = YES;
				SDKROOT = iphoneos;
				SWIFT_ACTIVE_COMPILATION_CONDITIONS = DEBUG;
				SWIFT_OPTIMIZATION_LEVEL = "-Onone";
			};
			name = Debug;
		};
		7320E78924587A1300E5B2A3 /* Release */ = {
			isa = XCBuildConfiguration;
			buildSettings = {
				ALWAYS_SEARCH_USER_PATHS = NO;
				CLANG_ANALYZER_NONNULL = YES;
				CLANG_ANALYZER_NUMBER_OBJECT_CONVERSION = YES_AGGRESSIVE;
				CLANG_CXX_LANGUAGE_STANDARD = "gnu++14";
				CLANG_CXX_LIBRARY = "libc++";
				CLANG_ENABLE_MODULES = YES;
				CLANG_ENABLE_OBJC_ARC = YES;
				CLANG_ENABLE_OBJC_WEAK = YES;
				CLANG_WARN_BLOCK_CAPTURE_AUTORELEASING = YES;
				CLANG_WARN_BOOL_CONVERSION = YES;
				CLANG_WARN_COMMA = YES;
				CLANG_WARN_CONSTANT_CONVERSION = YES;
				CLANG_WARN_DEPRECATED_OBJC_IMPLEMENTATIONS = YES;
				CLANG_WARN_DIRECT_OBJC_ISA_USAGE = YES_ERROR;
				CLANG_WARN_DOCUMENTATION_COMMENTS = YES;
				CLANG_WARN_EMPTY_BODY = YES;
				CLANG_WARN_ENUM_CONVERSION = YES;
				CLANG_WARN_INFINITE_RECURSION = YES;
				CLANG_WARN_INT_CONVERSION = YES;
				CLANG_WARN_NON_LITERAL_NULL_CONVERSION = YES;
				CLANG_WARN_OBJC_IMPLICIT_RETAIN_SELF = YES;
				CLANG_WARN_OBJC_LITERAL_CONVERSION = YES;
				CLANG_WARN_OBJC_ROOT_CLASS = YES_ERROR;
				CLANG_WARN_RANGE_LOOP_ANALYSIS = YES;
				CLANG_WARN_STRICT_PROTOTYPES = YES;
				CLANG_WARN_SUSPICIOUS_MOVE = YES;
				CLANG_WARN_UNGUARDED_AVAILABILITY = YES_AGGRESSIVE;
				CLANG_WARN_UNREACHABLE_CODE = YES;
				CLANG_WARN__DUPLICATE_METHOD_MATCH = YES;
				COPY_PHASE_STRIP = NO;
				DEBUG_INFORMATION_FORMAT = "dwarf-with-dsym";
				ENABLE_NS_ASSERTIONS = NO;
				ENABLE_STRICT_OBJC_MSGSEND = YES;
				GCC_C_LANGUAGE_STANDARD = gnu11;
				GCC_NO_COMMON_BLOCKS = YES;
				GCC_WARN_64_TO_32_BIT_CONVERSION = YES;
				GCC_WARN_ABOUT_RETURN_TYPE = YES_ERROR;
				GCC_WARN_UNDECLARED_SELECTOR = YES;
				GCC_WARN_UNINITIALIZED_AUTOS = YES_AGGRESSIVE;
				GCC_WARN_UNUSED_FUNCTION = YES;
				GCC_WARN_UNUSED_VARIABLE = YES;
				IPHONEOS_DEPLOYMENT_TARGET = 13.2;
				MTL_ENABLE_DEBUG_INFO = NO;
				MTL_FAST_MATH = YES;
				SDKROOT = iphoneos;
				SWIFT_COMPILATION_MODE = wholemodule;
				SWIFT_OPTIMIZATION_LEVEL = "-O";
				VALIDATE_PRODUCT = YES;
			};
			name = Release;
		};
		7320E78B24587A1300E5B2A3 /* Debug */ = {
			isa = XCBuildConfiguration;
			buildSettings = {
				ASSETCATALOG_COMPILER_APPICON_NAME = AppIcon;
				CODE_SIGN_STYLE = Automatic;
				DEVELOPMENT_TEAM = U4Y29F8CZ3;
				INFOPLIST_FILE = luffy/Info.plist;
				IPHONEOS_DEPLOYMENT_TARGET = 12.1;
				LD_RUNPATH_SEARCH_PATHS = (
					"$(inherited)",
					"@executable_path/Frameworks",
				);
				PRODUCT_BUNDLE_IDENTIFIER = com.dyljqq.luffy;
				PRODUCT_NAME = "$(TARGET_NAME)";
				SWIFT_VERSION = 5.0;
				TARGETED_DEVICE_FAMILY = 1;
			};
			name = Debug;
		};
		7320E78C24587A1300E5B2A3 /* Release */ = {
			isa = XCBuildConfiguration;
			buildSettings = {
				ASSETCATALOG_COMPILER_APPICON_NAME = AppIcon;
				CODE_SIGN_STYLE = Automatic;
				DEVELOPMENT_TEAM = U4Y29F8CZ3;
				INFOPLIST_FILE = luffy/Info.plist;
				IPHONEOS_DEPLOYMENT_TARGET = 12.1;
				LD_RUNPATH_SEARCH_PATHS = (
					"$(inherited)",
					"@executable_path/Frameworks",
				);
				PRODUCT_BUNDLE_IDENTIFIER = com.dyljqq.luffy;
				PRODUCT_NAME = "$(TARGET_NAME)";
				SWIFT_VERSION = 5.0;
				TARGETED_DEVICE_FAMILY = 1;
			};
			name = Release;
		};
/* End XCBuildConfiguration section */

/* Begin XCConfigurationList section */
		7320E77124587A0E00E5B2A3 /* Build configuration list for PBXProject "luffy" */ = {
			isa = XCConfigurationList;
			buildConfigurations = (
				7320E78824587A1300E5B2A3 /* Debug */,
				7320E78924587A1300E5B2A3 /* Release */,
			);
			defaultConfigurationIsVisible = 0;
			defaultConfigurationName = Release;
		};
		7320E78A24587A1300E5B2A3 /* Build configuration list for PBXNativeTarget "luffy" */ = {
			isa = XCConfigurationList;
			buildConfigurations = (
				7320E78B24587A1300E5B2A3 /* Debug */,
				7320E78C24587A1300E5B2A3 /* Release */,
			);
			defaultConfigurationIsVisible = 0;
			defaultConfigurationName = Release;
		};
/* End XCConfigurationList section */
	};
	rootObject = 7320E76E24587A0E00E5B2A3 /* Project object */;
}
